// !$*UTF8*$!
{
	archiveVersion = 1;
	classes = {
	};
	objectVersion = 56;
	objects = {

/* Begin PBXBuildFile section */
		93291A722930D46C00C6E740 /* AppDelegate.swift in Sources */ = {isa = PBXBuildFile; fileRef = 93291A712930D46C00C6E740 /* AppDelegate.swift */; };
		93291A742930D46C00C6E740 /* SceneDelegate.swift in Sources */ = {isa = PBXBuildFile; fileRef = 93291A732930D46C00C6E740 /* SceneDelegate.swift */; };
		93291A762930D46C00C6E740 /* OverviewController.swift in Sources */ = {isa = PBXBuildFile; fileRef = 93291A752930D46C00C6E740 /* OverviewController.swift */; };
		93291A7B2930D46E00C6E740 /* Assets.xcassets in Resources */ = {isa = PBXBuildFile; fileRef = 93291A7A2930D46E00C6E740 /* Assets.xcassets */; };
		93291A7E2930D46E00C6E740 /* LaunchScreen.storyboard in Resources */ = {isa = PBXBuildFile; fileRef = 93291A7C2930D46E00C6E740 /* LaunchScreen.storyboard */; };
		93291A8B2930D78200C6E740 /* TabBarController.swift in Sources */ = {isa = PBXBuildFile; fileRef = 93291A8A2930D78200C6E740 /* TabBarController.swift */; };
		93291A8E2930D81A00C6E740 /* UIColor + ext.swift in Sources */ = {isa = PBXBuildFile; fileRef = 93291A8D2930D81A00C6E740 /* UIColor + ext.swift */; };
		93291A912930D8C400C6E740 /* Resources.swift in Sources */ = {isa = PBXBuildFile; fileRef = 93291A902930D8C400C6E740 /* Resources.swift */; };
		93291A93293471EB00C6E740 /* NavBarController.swift in Sources */ = {isa = PBXBuildFile; fileRef = 93291A92293471EB00C6E740 /* NavBarController.swift */; };
		93291A962934736700C6E740 /* BaseController.swift in Sources */ = {isa = PBXBuildFile; fileRef = 93291A952934736700C6E740 /* BaseController.swift */; };
		93291A98293475B400C6E740 /* UIView + ext.swift in Sources */ = {isa = PBXBuildFile; fileRef = 93291A97293475B400C6E740 /* UIView + ext.swift */; };
		93291A9F29347BB800C6E740 /* SessionController.swift in Sources */ = {isa = PBXBuildFile; fileRef = 93291A9E29347BB800C6E740 /* SessionController.swift */; };
		93291AA129347BE600C6E740 /* ProgressController.swift in Sources */ = {isa = PBXBuildFile; fileRef = 93291AA029347BE600C6E740 /* ProgressController.swift */; };
		93291AA329347BFA00C6E740 /* SettingsController.swift in Sources */ = {isa = PBXBuildFile; fileRef = 93291AA229347BFA00C6E740 /* SettingsController.swift */; };
/* End PBXBuildFile section */

/* Begin PBXFileReference section */
		93291A6E2930D46C00C6E740 /* WorkoutApp.app */ = {isa = PBXFileReference; explicitFileType = wrapper.application; includeInIndex = 0; path = WorkoutApp.app; sourceTree = BUILT_PRODUCTS_DIR; };
		93291A712930D46C00C6E740 /* AppDelegate.swift */ = {isa = PBXFileReference; lastKnownFileType = sourcecode.swift; path = AppDelegate.swift; sourceTree = "<group>"; };
		93291A732930D46C00C6E740 /* SceneDelegate.swift */ = {isa = PBXFileReference; lastKnownFileType = sourcecode.swift; path = SceneDelegate.swift; sourceTree = "<group>"; };
		93291A752930D46C00C6E740 /* OverviewController.swift */ = {isa = PBXFileReference; lastKnownFileType = sourcecode.swift; path = OverviewController.swift; sourceTree = "<group>"; };
		93291A7A2930D46E00C6E740 /* Assets.xcassets */ = {isa = PBXFileReference; lastKnownFileType = folder.assetcatalog; path = Assets.xcassets; sourceTree = "<group>"; };
		93291A7D2930D46E00C6E740 /* Base */ = {isa = PBXFileReference; lastKnownFileType = file.storyboard; name = Base; path = Base.lproj/LaunchScreen.storyboard; sourceTree = "<group>"; };
		93291A7F2930D46E00C6E740 /* Info.plist */ = {isa = PBXFileReference; lastKnownFileType = text.plist.xml; path = Info.plist; sourceTree = "<group>"; };
		93291A8A2930D78200C6E740 /* TabBarController.swift */ = {isa = PBXFileReference; lastKnownFileType = sourcecode.swift; path = TabBarController.swift; sourceTree = "<group>"; };
		93291A8D2930D81A00C6E740 /* UIColor + ext.swift */ = {isa = PBXFileReference; lastKnownFileType = sourcecode.swift; path = "UIColor + ext.swift"; sourceTree = "<group>"; };
		93291A902930D8C400C6E740 /* Resources.swift */ = {isa = PBXFileReference; lastKnownFileType = sourcecode.swift; path = Resources.swift; sourceTree = "<group>"; };
		93291A92293471EB00C6E740 /* NavBarController.swift */ = {isa = PBXFileReference; lastKnownFileType = sourcecode.swift; path = NavBarController.swift; sourceTree = "<group>"; };
		93291A952934736700C6E740 /* BaseController.swift */ = {isa = PBXFileReference; lastKnownFileType = sourcecode.swift; path = BaseController.swift; sourceTree = "<group>"; };
		93291A97293475B400C6E740 /* UIView + ext.swift */ = {isa = PBXFileReference; lastKnownFileType = sourcecode.swift; path = "UIView + ext.swift"; sourceTree = "<group>"; };
		93291A9E29347BB800C6E740 /* SessionController.swift */ = {isa = PBXFileReference; lastKnownFileType = sourcecode.swift; path = SessionController.swift; sourceTree = "<group>"; };
		93291AA029347BE600C6E740 /* ProgressController.swift */ = {isa = PBXFileReference; lastKnownFileType = sourcecode.swift; path = ProgressController.swift; sourceTree = "<group>"; };
		93291AA229347BFA00C6E740 /* SettingsController.swift */ = {isa = PBXFileReference; lastKnownFileType = sourcecode.swift; path = SettingsController.swift; sourceTree = "<group>"; };
/* End PBXFileReference section */

/* Begin PBXFrameworksBuildPhase section */
		93291A6B2930D46C00C6E740 /* Frameworks */ = {
			isa = PBXFrameworksBuildPhase;
			buildActionMask = 2147483647;
			files = (
			);
			runOnlyForDeploymentPostprocessing = 0;
		};
/* End PBXFrameworksBuildPhase section */

/* Begin PBXGroup section */
		93291A652930D46C00C6E740 = {
			isa = PBXGroup;
			children = (
				93291A702930D46C00C6E740 /* WorkoutApp */,
				93291A6F2930D46C00C6E740 /* Products */,
			);
			sourceTree = "<group>";
		};
		93291A6F2930D46C00C6E740 /* Products */ = {
			isa = PBXGroup;
			children = (
				93291A6E2930D46C00C6E740 /* WorkoutApp.app */,
			);
			name = Products;
			sourceTree = "<group>";
		};
		93291A702930D46C00C6E740 /* WorkoutApp */ = {
			isa = PBXGroup;
			children = (
				93291A892930D5C800C6E740 /* Sources */,
				93291A882930D5A500C6E740 /* Resources */,
			);
			path = WorkoutApp;
			sourceTree = "<group>";
		};
		93291A872930D57A00C6E740 /* Application */ = {
			isa = PBXGroup;
			children = (
				93291A712930D46C00C6E740 /* AppDelegate.swift */,
				93291A732930D46C00C6E740 /* SceneDelegate.swift */,
			);
			path = Application;
			sourceTree = "<group>";
		};
		93291A882930D5A500C6E740 /* Resources */ = {
			isa = PBXGroup;
			children = (
				93291A7A2930D46E00C6E740 /* Assets.xcassets */,
				93291A7C2930D46E00C6E740 /* LaunchScreen.storyboard */,
				93291A7F2930D46E00C6E740 /* Info.plist */,
			);
			path = Resources;
			sourceTree = "<group>";
		};
		93291A892930D5C800C6E740 /* Sources */ = {
			isa = PBXGroup;
			children = (
				93291A8C2930D80400C6E740 /* Helpers */,
				93291A872930D57A00C6E740 /* Application */,
				93291A942934734C00C6E740 /* Controllers */,
			);
			path = Sources;
			sourceTree = "<group>";
		};
		93291A8C2930D80400C6E740 /* Helpers */ = {
			isa = PBXGroup;
			children = (
				93291A8F2930D82700C6E740 /* Extensions */,
				93291A902930D8C400C6E740 /* Resources.swift */,
			);
			path = Helpers;
			sourceTree = "<group>";
		};
		93291A8F2930D82700C6E740 /* Extensions */ = {
			isa = PBXGroup;
			children = (
				93291A8D2930D81A00C6E740 /* UIColor + ext.swift */,
				93291A97293475B400C6E740 /* UIView + ext.swift */,
			);
			path = Extensions;
			sourceTree = "<group>";
		};
		93291A942934734C00C6E740 /* Controllers */ = {
			isa = PBXGroup;
			children = (
				93291A9D29347B9D00C6E740 /* Settings */,
				93291A9C29347B9800C6E740 /* Progress */,
				93291A9B29347B9200C6E740 /* Session */,
				93291A9A29347B8900C6E740 /* Overview */,
				93291A9929347B7F00C6E740 /* Base */,
			);
			path = Controllers;
			sourceTree = "<group>";
		};
		93291A9929347B7F00C6E740 /* Base */ = {
			isa = PBXGroup;
			children = (
				93291A8A2930D78200C6E740 /* TabBarController.swift */,
				93291A92293471EB00C6E740 /* NavBarController.swift */,
				93291A952934736700C6E740 /* BaseController.swift */,
			);
			path = Base;
			sourceTree = "<group>";
		};
		93291A9A29347B8900C6E740 /* Overview */ = {
			isa = PBXGroup;
			children = (
				93291A752930D46C00C6E740 /* OverviewController.swift */,
			);
			path = Overview;
			sourceTree = "<group>";
		};
		93291A9B29347B9200C6E740 /* Session */ = {
			isa = PBXGroup;
			children = (
				93291A9E29347BB800C6E740 /* SessionController.swift */,
			);
			path = Session;
			sourceTree = "<group>";
		};
		93291A9C29347B9800C6E740 /* Progress */ = {
			isa = PBXGroup;
			children = (
				93291AA029347BE600C6E740 /* ProgressController.swift */,
			);
			path = Progress;
			sourceTree = "<group>";
		};
		93291A9D29347B9D00C6E740 /* Settings */ = {
			isa = PBXGroup;
			children = (
				93291AA229347BFA00C6E740 /* SettingsController.swift */,
			);
			path = Settings;
			sourceTree = "<group>";
		};
/* End PBXGroup section */

/* Begin PBXNativeTarget section */
		93291A6D2930D46C00C6E740 /* WorkoutApp */ = {
			isa = PBXNativeTarget;
			buildConfigurationList = 93291A822930D46E00C6E740 /* Build configuration list for PBXNativeTarget "WorkoutApp" */;
			buildPhases = (
				93291A6A2930D46C00C6E740 /* Sources */,
				93291A6B2930D46C00C6E740 /* Frameworks */,
				93291A6C2930D46C00C6E740 /* Resources */,
			);
			buildRules = (
			);
			dependencies = (
			);
			name = WorkoutApp;
			productName = WorkoutApp;
			productReference = 93291A6E2930D46C00C6E740 /* WorkoutApp.app */;
			productType = "com.apple.product-type.application";
		};
/* End PBXNativeTarget section */

/* Begin PBXProject section */
		93291A662930D46C00C6E740 /* Project object */ = {
			isa = PBXProject;
			attributes = {
				BuildIndependentTargetsInParallel = 1;
				LastSwiftUpdateCheck = 1400;
				LastUpgradeCheck = 1400;
				TargetAttributes = {
					93291A6D2930D46C00C6E740 = {
						CreatedOnToolsVersion = 14.0;
					};
				};
			};
			buildConfigurationList = 93291A692930D46C00C6E740 /* Build configuration list for PBXProject "WorkoutApp" */;
			compatibilityVersion = "Xcode 14.0";
			developmentRegion = en;
			hasScannedForEncodings = 0;
			knownRegions = (
				en,
				Base,
			);
			mainGroup = 93291A652930D46C00C6E740;
			productRefGroup = 93291A6F2930D46C00C6E740 /* Products */;
			projectDirPath = "";
			projectRoot = "";
			targets = (
				93291A6D2930D46C00C6E740 /* WorkoutApp */,
			);
		};
/* End PBXProject section */

/* Begin PBXResourcesBuildPhase section */
		93291A6C2930D46C00C6E740 /* Resources */ = {
			isa = PBXResourcesBuildPhase;
			buildActionMask = 2147483647;
			files = (
				93291A7E2930D46E00C6E740 /* LaunchScreen.storyboard in Resources */,
				93291A7B2930D46E00C6E740 /* Assets.xcassets in Resources */,
			);
			runOnlyForDeploymentPostprocessing = 0;
		};
/* End PBXResourcesBuildPhase section */

/* Begin PBXSourcesBuildPhase section */
		93291A6A2930D46C00C6E740 /* Sources */ = {
			isa = PBXSourcesBuildPhase;
			buildActionMask = 2147483647;
			files = (
				93291AA329347BFA00C6E740 /* SettingsController.swift in Sources */,
				93291A762930D46C00C6E740 /* OverviewController.swift in Sources */,
				93291A98293475B400C6E740 /* UIView + ext.swift in Sources */,
				93291A8B2930D78200C6E740 /* TabBarController.swift in Sources */,
				93291A722930D46C00C6E740 /* AppDelegate.swift in Sources */,
				93291A9F29347BB800C6E740 /* SessionController.swift in Sources */,
				93291AA129347BE600C6E740 /* ProgressController.swift in Sources */,
				93291A93293471EB00C6E740 /* NavBarController.swift in Sources */,
				93291A912930D8C400C6E740 /* Resources.swift in Sources */,
				93291A8E2930D81A00C6E740 /* UIColor + ext.swift in Sources */,
				93291A962934736700C6E740 /* BaseController.swift in Sources */,
				93291A742930D46C00C6E740 /* SceneDelegate.swift in Sources */,
			);
			runOnlyForDeploymentPostprocessing = 0;
		};
/* End PBXSourcesBuildPhase section */

/* Begin PBXVariantGroup section */
		93291A7C2930D46E00C6E740 /* LaunchScreen.storyboard */ = {
			isa = PBXVariantGroup;
			children = (
				93291A7D2930D46E00C6E740 /* Base */,
			);
			name = LaunchScreen.storyboard;
			sourceTree = "<group>";
		};
/* End PBXVariantGroup section */

/* Begin XCBuildConfiguration section */
		93291A802930D46E00C6E740 /* Debug */ = {
			isa = XCBuildConfiguration;
			buildSettings = {
				ALWAYS_SEARCH_USER_PATHS = NO;
				CLANG_ANALYZER_NONNULL = YES;
				CLANG_ANALYZER_NUMBER_OBJECT_CONVERSION = YES_AGGRESSIVE;
				CLANG_CXX_LANGUAGE_STANDARD = "gnu++20";
				CLANG_ENABLE_MODULES = YES;
				CLANG_ENABLE_OBJC_ARC = YES;
				CLANG_ENABLE_OBJC_WEAK = YES;
				CLANG_WARN_BLOCK_CAPTURE_AUTORELEASING = YES;
				CLANG_WARN_BOOL_CONVERSION = YES;
				CLANG_WARN_COMMA = YES;
				CLANG_WARN_CONSTANT_CONVERSION = YES;
				CLANG_WARN_DEPRECATED_OBJC_IMPLEMENTATIONS = YES;
				CLANG_WARN_DIRECT_OBJC_ISA_USAGE = YES_ERROR;
				CLANG_WARN_DOCUMENTATION_COMMENTS = YES;
				CLANG_WARN_EMPTY_BODY = YES;
				CLANG_WARN_ENUM_CONVERSION = YES;
				CLANG_WARN_INFINITE_RECURSION = YES;
				CLANG_WARN_INT_CONVERSION = YES;
				CLANG_WARN_NON_LITERAL_NULL_CONVERSION = YES;
				CLANG_WARN_OBJC_IMPLICIT_RETAIN_SELF = YES;
				CLANG_WARN_OBJC_LITERAL_CONVERSION = YES;
				CLANG_WARN_OBJC_ROOT_CLASS = YES_ERROR;
				CLANG_WARN_QUOTED_INCLUDE_IN_FRAMEWORK_HEADER = YES;
				CLANG_WARN_RANGE_LOOP_ANALYSIS = YES;
				CLANG_WARN_STRICT_PROTOTYPES = YES;
				CLANG_WARN_SUSPICIOUS_MOVE = YES;
				CLANG_WARN_UNGUARDED_AVAILABILITY = YES_AGGRESSIVE;
				CLANG_WARN_UNREACHABLE_CODE = YES;
				CLANG_WARN__DUPLICATE_METHOD_MATCH = YES;
				COPY_PHASE_STRIP = NO;
				DEBUG_INFORMATION_FORMAT = dwarf;
				ENABLE_STRICT_OBJC_MSGSEND = YES;
				ENABLE_TESTABILITY = YES;
				GCC_C_LANGUAGE_STANDARD = gnu11;
				GCC_DYNAMIC_NO_PIC = NO;
				GCC_NO_COMMON_BLOCKS = YES;
				GCC_OPTIMIZATION_LEVEL = 0;
				GCC_PREPROCESSOR_DEFINITIONS = (
					"DEBUG=1",
					"$(inherited)",
				);
				GCC_WARN_64_TO_32_BIT_CONVERSION = YES;
				GCC_WARN_ABOUT_RETURN_TYPE = YES_ERROR;
				GCC_WARN_UNDECLARED_SELECTOR = YES;
				GCC_WARN_UNINITIALIZED_AUTOS = YES_AGGRESSIVE;
				GCC_WARN_UNUSED_FUNCTION = YES;
				GCC_WARN_UNUSED_VARIABLE = YES;
				IPHONEOS_DEPLOYMENT_TARGET = 16.0;
				MTL_ENABLE_DEBUG_INFO = INCLUDE_SOURCE;
				MTL_FAST_MATH = YES;
				ONLY_ACTIVE_ARCH = YES;
				SDKROOT = iphoneos;
				SWIFT_ACTIVE_COMPILATION_CONDITIONS = DEBUG;
				SWIFT_OPTIMIZATION_LEVEL = "-Onone";
			};
			name = Debug;
		};
		93291A812930D46E00C6E740 /* Release */ = {
			isa = XCBuildConfiguration;
			buildSettings = {
				ALWAYS_SEARCH_USER_PATHS = NO;
				CLANG_ANALYZER_NONNULL = YES;
				CLANG_ANALYZER_NUMBER_OBJECT_CONVERSION = YES_AGGRESSIVE;
				CLANG_CXX_LANGUAGE_STANDARD = "gnu++20";
				CLANG_ENABLE_MODULES = YES;
				CLANG_ENABLE_OBJC_ARC = YES;
				CLANG_ENABLE_OBJC_WEAK = YES;
				CLANG_WARN_BLOCK_CAPTURE_AUTORELEASING = YES;
				CLANG_WARN_BOOL_CONVERSION = YES;
				CLANG_WARN_COMMA = YES;
				CLANG_WARN_CONSTANT_CONVERSION = YES;
				CLANG_WARN_DEPRECATED_OBJC_IMPLEMENTATIONS = YES;
				CLANG_WARN_DIRECT_OBJC_ISA_USAGE = YES_ERROR;
				CLANG_WARN_DOCUMENTATION_COMMENTS = YES;
				CLANG_WARN_EMPTY_BODY = YES;
				CLANG_WARN_ENUM_CONVERSION = YES;
				CLANG_WARN_INFINITE_RECURSION = YES;
				CLANG_WARN_INT_CONVERSION = YES;
				CLANG_WARN_NON_LITERAL_NULL_CONVERSION = YES;
				CLANG_WARN_OBJC_IMPLICIT_RETAIN_SELF = YES;
				CLANG_WARN_OBJC_LITERAL_CONVERSION = YES;
				CLANG_WARN_OBJC_ROOT_CLASS = YES_ERROR;
				CLANG_WARN_QUOTED_INCLUDE_IN_FRAMEWORK_HEADER = YES;
				CLANG_WARN_RANGE_LOOP_ANALYSIS = YES;
				CLANG_WARN_STRICT_PROTOTYPES = YES;
				CLANG_WARN_SUSPICIOUS_MOVE = YES;
				CLANG_WARN_UNGUARDED_AVAILABILITY = YES_AGGRESSIVE;
				CLANG_WARN_UNREACHABLE_CODE = YES;
				CLANG_WARN__DUPLICATE_METHOD_MATCH = YES;
				COPY_PHASE_STRIP = NO;
				DEBUG_INFORMATION_FORMAT = "dwarf-with-dsym";
				ENABLE_NS_ASSERTIONS = NO;
				ENABLE_STRICT_OBJC_MSGSEND = YES;
				GCC_C_LANGUAGE_STANDARD = gnu11;
				GCC_NO_COMMON_BLOCKS = YES;
				GCC_WARN_64_TO_32_BIT_CONVERSION = YES;
				GCC_WARN_ABOUT_RETURN_TYPE = YES_ERROR;
				GCC_WARN_UNDECLARED_SELECTOR = YES;
				GCC_WARN_UNINITIALIZED_AUTOS = YES_AGGRESSIVE;
				GCC_WARN_UNUSED_FUNCTION = YES;
				GCC_WARN_UNUSED_VARIABLE = YES;
				IPHONEOS_DEPLOYMENT_TARGET = 16.0;
				MTL_ENABLE_DEBUG_INFO = NO;
				MTL_FAST_MATH = YES;
				SDKROOT = iphoneos;
				SWIFT_COMPILATION_MODE = wholemodule;
				SWIFT_OPTIMIZATION_LEVEL = "-O";
				VALIDATE_PRODUCT = YES;
			};
			name = Release;
		};
		93291A832930D46E00C6E740 /* Debug */ = {
			isa = XCBuildConfiguration;
			buildSettings = {
				ASSETCATALOG_COMPILER_APPICON_NAME = AppIcon;
				ASSETCATALOG_COMPILER_GLOBAL_ACCENT_COLOR_NAME = AccentColor;
				CODE_SIGN_STYLE = Automatic;
				CURRENT_PROJECT_VERSION = 1;
				DEVELOPMENT_TEAM = 6U62DU83J9;
				GENERATE_INFOPLIST_FILE = YES;
				INFOPLIST_FILE = WorkoutApp/Resources/Info.plist;
				INFOPLIST_KEY_UIApplicationSupportsIndirectInputEvents = YES;
				INFOPLIST_KEY_UILaunchStoryboardName = LaunchScreen;
				INFOPLIST_KEY_UIStatusBarStyle = "";
				INFOPLIST_KEY_UISupportedInterfaceOrientations = UIInterfaceOrientationPortrait;
				LD_RUNPATH_SEARCH_PATHS = (
					"$(inherited)",
					"@executable_path/Frameworks",
				);
				MARKETING_VERSION = 1.0;
				PRODUCT_BUNDLE_IDENTIFIER = donskov.WorkoutApp;
				PRODUCT_NAME = "$(TARGET_NAME)";
				SUPPORTED_PLATFORMS = "iphoneos iphonesimulator";
				SUPPORTS_MACCATALYST = NO;
				SUPPORTS_MAC_DESIGNED_FOR_IPHONE_IPAD = NO;
				SWIFT_EMIT_LOC_STRINGS = YES;
				SWIFT_VERSION = 5.0;
				TARGETED_DEVICE_FAMILY = 1;
			};
			name = Debug;
		};
		93291A842930D46E00C6E740 /* Release */ = {
			isa = XCBuildConfiguration;
			buildSettings = {
				ASSETCATALOG_COMPILER_APPICON_NAME = AppIcon;
				ASSETCATALOG_COMPILER_GLOBAL_ACCENT_COLOR_NAME = AccentColor;
				CODE_SIGN_STYLE = Automatic;
				CURRENT_PROJECT_VERSION = 1;
				DEVELOPMENT_TEAM = 6U62DU83J9;
				GENERATE_INFOPLIST_FILE = YES;
				INFOPLIST_FILE = WorkoutApp/Resources/Info.plist;
				INFOPLIST_KEY_UIApplicationSupportsIndirectInputEvents = YES;
				INFOPLIST_KEY_UILaunchStoryboardName = LaunchScreen;
				INFOPLIST_KEY_UIStatusBarStyle = "";
				INFOPLIST_KEY_UISupportedInterfaceOrientations = UIInterfaceOrientationPortrait;
				LD_RUNPATH_SEARCH_PATHS = (
					"$(inherited)",
					"@executable_path/Frameworks",
				);
				MARKETING_VERSION = 1.0;
				PRODUCT_BUNDLE_IDENTIFIER = donskov.WorkoutApp;
				PRODUCT_NAME = "$(TARGET_NAME)";
				SUPPORTED_PLATFORMS = "iphoneos iphonesimulator";
				SUPPORTS_MACCATALYST = NO;
				SUPPORTS_MAC_DESIGNED_FOR_IPHONE_IPAD = NO;
				SWIFT_EMIT_LOC_STRINGS = YES;
				SWIFT_VERSION = 5.0;
				TARGETED_DEVICE_FAMILY = 1;
			};
			name = Release;
		};
/* End XCBuildConfiguration section */

/* Begin XCConfigurationList section */
		93291A692930D46C00C6E740 /* Build configuration list for PBXProject "WorkoutApp" */ = {
			isa = XCConfigurationList;
			buildConfigurations = (
				93291A802930D46E00C6E740 /* Debug */,
				93291A812930D46E00C6E740 /* Release */,
			);
			defaultConfigurationIsVisible = 0;
			defaultConfigurationName = Release;
		};
		93291A822930D46E00C6E740 /* Build configuration list for PBXNativeTarget "WorkoutApp" */ = {
			isa = XCConfigurationList;
			buildConfigurations = (
				93291A832930D46E00C6E740 /* Debug */,
				93291A842930D46E00C6E740 /* Release */,
			);
			defaultConfigurationIsVisible = 0;
			defaultConfigurationName = Release;
		};
/* End XCConfigurationList section */
	};
	rootObject = 93291A662930D46C00C6E740 /* Project object */;
}
